// !$*UTF8*$!
{
	archiveVersion = 1;
	classes = {
	};
	objectVersion = 56;
	objects = {

/* Begin PBXBuildFile section */
		7E70D59D2949D4A9005D5FF7 /* tooltipApp.swift in Sources */ = {isa = PBXBuildFile; fileRef = 7E70D59C2949D4A9005D5FF7 /* tooltipApp.swift */; };
		7E70D59F2949D4A9005D5FF7 /* ContentView.swift in Sources */ = {isa = PBXBuildFile; fileRef = 7E70D59E2949D4A9005D5FF7 /* ContentView.swift */; };
		7E70D5A12949D4AA005D5FF7 /* Assets.xcassets in Resources */ = {isa = PBXBuildFile; fileRef = 7E70D5A02949D4AA005D5FF7 /* Assets.xcassets */; };
		7E70D5A42949D4AA005D5FF7 /* Preview Assets.xcassets in Resources */ = {isa = PBXBuildFile; fileRef = 7E70D5A32949D4AA005D5FF7 /* Preview Assets.xcassets */; };
		7E70D5AE2949D4AA005D5FF7 /* tooltipTests.swift in Sources */ = {isa = PBXBuildFile; fileRef = 7E70D5AD2949D4AA005D5FF7 /* tooltipTests.swift */; };
		7E70D5B82949D4AA005D5FF7 /* tooltipUITests.swift in Sources */ = {isa = PBXBuildFile; fileRef = 7E70D5B72949D4AA005D5FF7 /* tooltipUITests.swift */; };
		7E70D5BA2949D4AA005D5FF7 /* tooltipUITestsLaunchTests.swift in Sources */ = {isa = PBXBuildFile; fileRef = 7E70D5B92949D4AA005D5FF7 /* tooltipUITestsLaunchTests.swift */; };
/* End PBXBuildFile section */

/* Begin PBXContainerItemProxy section */
		7E70D5AA2949D4AA005D5FF7 /* PBXContainerItemProxy */ = {
			isa = PBXContainerItemProxy;
			containerPortal = 7E70D5912949D4A9005D5FF7 /* Project object */;
			proxyType = 1;
			remoteGlobalIDString = 7E70D5982949D4A9005D5FF7;
			remoteInfo = tooltip;
		};
		7E70D5B42949D4AA005D5FF7 /* PBXContainerItemProxy */ = {
			isa = PBXContainerItemProxy;
			containerPortal = 7E70D5912949D4A9005D5FF7 /* Project object */;
			proxyType = 1;
			remoteGlobalIDString = 7E70D5982949D4A9005D5FF7;
			remoteInfo = tooltip;
		};
/* End PBXContainerItemProxy section */

/* Begin PBXFileReference section */
		7E70D5992949D4A9005D5FF7 /* tooltip.app */ = {isa = PBXFileReference; explicitFileType = wrapper.application; includeInIndex = 0; path = tooltip.app; sourceTree = BUILT_PRODUCTS_DIR; };
		7E70D59C2949D4A9005D5FF7 /* tooltipApp.swift */ = {isa = PBXFileReference; lastKnownFileType = sourcecode.swift; path = tooltipApp.swift; sourceTree = "<group>"; };
		7E70D59E2949D4A9005D5FF7 /* ContentView.swift */ = {isa = PBXFileReference; lastKnownFileType = sourcecode.swift; path = ContentView.swift; sourceTree = "<group>"; };
		7E70D5A02949D4AA005D5FF7 /* Assets.xcassets */ = {isa = PBXFileReference; lastKnownFileType = folder.assetcatalog; path = Assets.xcassets; sourceTree = "<group>"; };
		7E70D5A32949D4AA005D5FF7 /* Preview Assets.xcassets */ = {isa = PBXFileReference; lastKnownFileType = folder.assetcatalog; path = "Preview Assets.xcassets"; sourceTree = "<group>"; };
		7E70D5A92949D4AA005D5FF7 /* tooltipTests.xctest */ = {isa = PBXFileReference; explicitFileType = wrapper.cfbundle; includeInIndex = 0; path = tooltipTests.xctest; sourceTree = BUILT_PRODUCTS_DIR; };
		7E70D5AD2949D4AA005D5FF7 /* tooltipTests.swift */ = {isa = PBXFileReference; lastKnownFileType = sourcecode.swift; path = tooltipTests.swift; sourceTree = "<group>"; };
		7E70D5B32949D4AA005D5FF7 /* tooltipUITests.xctest */ = {isa = PBXFileReference; explicitFileType = wrapper.cfbundle; includeInIndex = 0; path = tooltipUITests.xctest; sourceTree = BUILT_PRODUCTS_DIR; };
		7E70D5B72949D4AA005D5FF7 /* tooltipUITests.swift */ = {isa = PBXFileReference; lastKnownFileType = sourcecode.swift; path = tooltipUITests.swift; sourceTree = "<group>"; };
		7E70D5B92949D4AA005D5FF7 /* tooltipUITestsLaunchTests.swift */ = {isa = PBXFileReference; lastKnownFileType = sourcecode.swift; path = tooltipUITestsLaunchTests.swift; sourceTree = "<group>"; };
/* End PBXFileReference section */

/* Begin PBXFrameworksBuildPhase section */
		7E70D5962949D4A9005D5FF7 /* Frameworks */ = {
			isa = PBXFrameworksBuildPhase;
			buildActionMask = 2147483647;
			files = (
			);
			runOnlyForDeploymentPostprocessing = 0;
		};
		7E70D5A62949D4AA005D5FF7 /* Frameworks */ = {
			isa = PBXFrameworksBuildPhase;
			buildActionMask = 2147483647;
			files = (
			);
			runOnlyForDeploymentPostprocessing = 0;
		};
		7E70D5B02949D4AA005D5FF7 /* Frameworks */ = {
			isa = PBXFrameworksBuildPhase;
			buildActionMask = 2147483647;
			files = (
			);
			runOnlyForDeploymentPostprocessing = 0;
		};
/* End PBXFrameworksBuildPhase section */

/* Begin PBXGroup section */
		7E70D5902949D4A9005D5FF7 = {
			isa = PBXGroup;
			children = (
				7E70D59B2949D4A9005D5FF7 /* tooltip */,
				7E70D5AC2949D4AA005D5FF7 /* tooltipTests */,
				7E70D5B62949D4AA005D5FF7 /* tooltipUITests */,
				7E70D59A2949D4A9005D5FF7 /* Products */,
			);
			sourceTree = "<group>";
		};
		7E70D59A2949D4A9005D5FF7 /* Products */ = {
			isa = PBXGroup;
			children = (
				7E70D5992949D4A9005D5FF7 /* tooltip.app */,
				7E70D5A92949D4AA005D5FF7 /* tooltipTests.xctest */,
				7E70D5B32949D4AA005D5FF7 /* tooltipUITests.xctest */,
			);
			name = Products;
			sourceTree = "<group>";
		};
		7E70D59B2949D4A9005D5FF7 /* tooltip */ = {
			isa = PBXGroup;
			children = (
				7E70D59C2949D4A9005D5FF7 /* tooltipApp.swift */,
				7E70D59E2949D4A9005D5FF7 /* ContentView.swift */,
				7E70D5A02949D4AA005D5FF7 /* Assets.xcassets */,
				7E70D5A22949D4AA005D5FF7 /* Preview Content */,
			);
			path = tooltip;
			sourceTree = "<group>";
		};
		7E70D5A22949D4AA005D5FF7 /* Preview Content */ = {
			isa = PBXGroup;
			children = (
				7E70D5A32949D4AA005D5FF7 /* Preview Assets.xcassets */,
			);
			path = "Preview Content";
			sourceTree = "<group>";
		};
		7E70D5AC2949D4AA005D5FF7 /* tooltipTests */ = {
			isa = PBXGroup;
			children = (
				7E70D5AD2949D4AA005D5FF7 /* tooltipTests.swift */,
			);
			path = tooltipTests;
			sourceTree = "<group>";
		};
		7E70D5B62949D4AA005D5FF7 /* tooltipUITests */ = {
			isa = PBXGroup;
			children = (
				7E70D5B72949D4AA005D5FF7 /* tooltipUITests.swift */,
				7E70D5B92949D4AA005D5FF7 /* tooltipUITestsLaunchTests.swift */,
			);
			path = tooltipUITests;
			sourceTree = "<group>";
		};
/* End PBXGroup section */

/* Begin PBXNativeTarget section */
		7E70D5982949D4A9005D5FF7 /* tooltip */ = {
			isa = PBXNativeTarget;
			buildConfigurationList = 7E70D5BD2949D4AA005D5FF7 /* Build configuration list for PBXNativeTarget "tooltip" */;
			buildPhases = (
				7E70D5952949D4A9005D5FF7 /* Sources */,
				7E70D5962949D4A9005D5FF7 /* Frameworks */,
				7E70D5972949D4A9005D5FF7 /* Resources */,
			);
			buildRules = (
			);
			dependencies = (
			);
			name = tooltip;
			productName = tooltip;
			productReference = 7E70D5992949D4A9005D5FF7 /* tooltip.app */;
			productType = "com.apple.product-type.application";
		};
		7E70D5A82949D4AA005D5FF7 /* tooltipTests */ = {
			isa = PBXNativeTarget;
			buildConfigurationList = 7E70D5C02949D4AA005D5FF7 /* Build configuration list for PBXNativeTarget "tooltipTests" */;
			buildPhases = (
				7E70D5A52949D4AA005D5FF7 /* Sources */,
				7E70D5A62949D4AA005D5FF7 /* Frameworks */,
				7E70D5A72949D4AA005D5FF7 /* Resources */,
			);
			buildRules = (
			);
			dependencies = (
				7E70D5AB2949D4AA005D5FF7 /* PBXTargetDependency */,
			);
			name = tooltipTests;
			productName = tooltipTests;
			productReference = 7E70D5A92949D4AA005D5FF7 /* tooltipTests.xctest */;
			productType = "com.apple.product-type.bundle.unit-test";
		};
		7E70D5B22949D4AA005D5FF7 /* tooltipUITests */ = {
			isa = PBXNativeTarget;
			buildConfigurationList = 7E70D5C32949D4AA005D5FF7 /* Build configuration list for PBXNativeTarget "tooltipUITests" */;
			buildPhases = (
				7E70D5AF2949D4AA005D5FF7 /* Sources */,
				7E70D5B02949D4AA005D5FF7 /* Frameworks */,
				7E70D5B12949D4AA005D5FF7 /* Resources */,
			);
			buildRules = (
			);
			dependencies = (
				7E70D5B52949D4AA005D5FF7 /* PBXTargetDependency */,
			);
			name = tooltipUITests;
			productName = tooltipUITests;
			productReference = 7E70D5B32949D4AA005D5FF7 /* tooltipUITests.xctest */;
			productType = "com.apple.product-type.bundle.ui-testing";
		};
/* End PBXNativeTarget section */

/* Begin PBXProject section */
		7E70D5912949D4A9005D5FF7 /* Project object */ = {
			isa = PBXProject;
			attributes = {
				BuildIndependentTargetsInParallel = 1;
				LastSwiftUpdateCheck = 1400;
				LastUpgradeCheck = 1400;
				TargetAttributes = {
					7E70D5982949D4A9005D5FF7 = {
						CreatedOnToolsVersion = 14.0.1;
					};
					7E70D5A82949D4AA005D5FF7 = {
						CreatedOnToolsVersion = 14.0.1;
						TestTargetID = 7E70D5982949D4A9005D5FF7;
					};
					7E70D5B22949D4AA005D5FF7 = {
						CreatedOnToolsVersion = 14.0.1;
						TestTargetID = 7E70D5982949D4A9005D5FF7;
					};
				};
			};
			buildConfigurationList = 7E70D5942949D4A9005D5FF7 /* Build configuration list for PBXProject "tooltip" */;
			compatibilityVersion = "Xcode 14.0";
			developmentRegion = en;
			hasScannedForEncodings = 0;
			knownRegions = (
				en,
				Base,
			);
			mainGroup = 7E70D5902949D4A9005D5FF7;
			productRefGroup = 7E70D59A2949D4A9005D5FF7 /* Products */;
			projectDirPath = "";
			projectRoot = "";
			targets = (
				7E70D5982949D4A9005D5FF7 /* tooltip */,
				7E70D5A82949D4AA005D5FF7 /* tooltipTests */,
				7E70D5B22949D4AA005D5FF7 /* tooltipUITests */,
			);
		};
/* End PBXProject section */

/* Begin PBXResourcesBuildPhase section */
		7E70D5972949D4A9005D5FF7 /* Resources */ = {
			isa = PBXResourcesBuildPhase;
			buildActionMask = 2147483647;
			files = (
				7E70D5A42949D4AA005D5FF7 /* Preview Assets.xcassets in Resources */,
				7E70D5A12949D4AA005D5FF7 /* Assets.xcassets in Resources */,
			);
			runOnlyForDeploymentPostprocessing = 0;
		};
		7E70D5A72949D4AA005D5FF7 /* Resources */ = {
			isa = PBXResourcesBuildPhase;
			buildActionMask = 2147483647;
			files = (
			);
			runOnlyForDeploymentPostprocessing = 0;
		};
		7E70D5B12949D4AA005D5FF7 /* Resources */ = {
			isa = PBXResourcesBuildPhase;
			buildActionMask = 2147483647;
			files = (
			);
			runOnlyForDeploymentPostprocessing = 0;
		};
/* End PBXResourcesBuildPhase section */

/* Begin PBXSourcesBuildPhase section */
		7E70D5952949D4A9005D5FF7 /* Sources */ = {
			isa = PBXSourcesBuildPhase;
			buildActionMask = 2147483647;
			files = (
				7E70D59F2949D4A9005D5FF7 /* ContentView.swift in Sources */,
				7E70D59D2949D4A9005D5FF7 /* tooltipApp.swift in Sources */,
			);
			runOnlyForDeploymentPostprocessing = 0;
		};
		7E70D5A52949D4AA005D5FF7 /* Sources */ = {
			isa = PBXSourcesBuildPhase;
			buildActionMask = 2147483647;
			files = (
				7E70D5AE2949D4AA005D5FF7 /* tooltipTests.swift in Sources */,
			);
			runOnlyForDeploymentPostprocessing = 0;
		};
		7E70D5AF2949D4AA005D5FF7 /* Sources */ = {
			isa = PBXSourcesBuildPhase;
			buildActionMask = 2147483647;
			files = (
				7E70D5BA2949D4AA005D5FF7 /* tooltipUITestsLaunchTests.swift in Sources */,
				7E70D5B82949D4AA005D5FF7 /* tooltipUITests.swift in Sources */,
			);
			runOnlyForDeploymentPostprocessing = 0;
		};
/* End PBXSourcesBuildPhase section */

/* Begin PBXTargetDependency section */
		7E70D5AB2949D4AA005D5FF7 /* PBXTargetDependency */ = {
			isa = PBXTargetDependency;
			target = 7E70D5982949D4A9005D5FF7 /* tooltip */;
			targetProxy = 7E70D5AA2949D4AA005D5FF7 /* PBXContainerItemProxy */;
		};
		7E70D5B52949D4AA005D5FF7 /* PBXTargetDependency */ = {
			isa = PBXTargetDependency;
			target = 7E70D5982949D4A9005D5FF7 /* tooltip */;
			targetProxy = 7E70D5B42949D4AA005D5FF7 /* PBXContainerItemProxy */;
		};
/* End PBXTargetDependency section */

/* Begin XCBuildConfiguration section */
		7E70D5BB2949D4AA005D5FF7 /* Debug */ = {
			isa = XCBuildConfiguration;
			buildSettings = {
				ALWAYS_SEARCH_USER_PATHS = NO;
				CLANG_ANALYZER_NONNULL = YES;
				CLANG_ANALYZER_NUMBER_OBJECT_CONVERSION = YES_AGGRESSIVE;
				CLANG_CXX_LANGUAGE_STANDARD = "gnu++20";
				CLANG_ENABLE_MODULES = YES;
				CLANG_ENABLE_OBJC_ARC = YES;
				CLANG_ENABLE_OBJC_WEAK = YES;
				CLANG_WARN_BLOCK_CAPTURE_AUTORELEASING = YES;
				CLANG_WARN_BOOL_CONVERSION = YES;
				CLANG_WARN_COMMA = YES;
				CLANG_WARN_CONSTANT_CONVERSION = YES;
				CLANG_WARN_DEPRECATED_OBJC_IMPLEMENTATIONS = YES;
				CLANG_WARN_DIRECT_OBJC_ISA_USAGE = YES_ERROR;
				CLANG_WARN_DOCUMENTATION_COMMENTS = YES;
				CLANG_WARN_EMPTY_BODY = YES;
				CLANG_WARN_ENUM_CONVERSION = YES;
				CLANG_WARN_INFINITE_RECURSION = YES;
				CLANG_WARN_INT_CONVERSION = YES;
				CLANG_WARN_NON_LITERAL_NULL_CONVERSION = YES;
				CLANG_WARN_OBJC_IMPLICIT_RETAIN_SELF = YES;
				CLANG_WARN_OBJC_LITERAL_CONVERSION = YES;
				CLANG_WARN_OBJC_ROOT_CLASS = YES_ERROR;
				CLANG_WARN_QUOTED_INCLUDE_IN_FRAMEWORK_HEADER = YES;
				CLANG_WARN_RANGE_LOOP_ANALYSIS = YES;
				CLANG_WARN_STRICT_PROTOTYPES = YES;
				CLANG_WARN_SUSPICIOUS_MOVE = YES;
				CLANG_WARN_UNGUARDED_AVAILABILITY = YES_AGGRESSIVE;
				CLANG_WARN_UNREACHABLE_CODE = YES;
				CLANG_WARN__DUPLICATE_METHOD_MATCH = YES;
				COPY_PHASE_STRIP = NO;
				DEBUG_INFORMATION_FORMAT = dwarf;
				ENABLE_STRICT_OBJC_MSGSEND = YES;
				ENABLE_TESTABILITY = YES;
				GCC_C_LANGUAGE_STANDARD = gnu11;
				GCC_DYNAMIC_NO_PIC = NO;
				GCC_NO_COMMON_BLOCKS = YES;
				GCC_OPTIMIZATION_LEVEL = 0;
				GCC_PREPROCESSOR_DEFINITIONS = (
					"DEBUG=1",
					"$(inherited)",
				);
				GCC_WARN_64_TO_32_BIT_CONVERSION = YES;
				GCC_WARN_ABOUT_RETURN_TYPE = YES_ERROR;
				GCC_WARN_UNDECLARED_SELECTOR = YES;
				GCC_WARN_UNINITIALIZED_AUTOS = YES_AGGRESSIVE;
				GCC_WARN_UNUSED_FUNCTION = YES;
				GCC_WARN_UNUSED_VARIABLE = YES;
				IPHONEOS_DEPLOYMENT_TARGET = 16.0;
				MTL_ENABLE_DEBUG_INFO = INCLUDE_SOURCE;
				MTL_FAST_MATH = YES;
				ONLY_ACTIVE_ARCH = YES;
				SDKROOT = iphoneos;
				SWIFT_ACTIVE_COMPILATION_CONDITIONS = DEBUG;
				SWIFT_OPTIMIZATION_LEVEL = "-Onone";
			};
			name = Debug;
		};
		7E70D5BC2949D4AA005D5FF7 /* Release */ = {
			isa = XCBuildConfiguration;
			buildSettings = {
				ALWAYS_SEARCH_USER_PATHS = NO;
				CLANG_ANALYZER_NONNULL = YES;
				CLANG_ANALYZER_NUMBER_OBJECT_CONVERSION = YES_AGGRESSIVE;
				CLANG_CXX_LANGUAGE_STANDARD = "gnu++20";
				CLANG_ENABLE_MODULES = YES;
				CLANG_ENABLE_OBJC_ARC = YES;
				CLANG_ENABLE_OBJC_WEAK = YES;
				CLANG_WARN_BLOCK_CAPTURE_AUTORELEASING = YES;
				CLANG_WARN_BOOL_CONVERSION = YES;
				CLANG_WARN_COMMA = YES;
				CLANG_WARN_CONSTANT_CONVERSION = YES;
				CLANG_WARN_DEPRECATED_OBJC_IMPLEMENTATIONS = YES;
				CLANG_WARN_DIRECT_OBJC_ISA_USAGE = YES_ERROR;
				CLANG_WARN_DOCUMENTATION_COMMENTS = YES;
				CLANG_WARN_EMPTY_BODY = YES;
				CLANG_WARN_ENUM_CONVERSION = YES;
				CLANG_WARN_INFINITE_RECURSION = YES;
				CLANG_WARN_INT_CONVERSION = YES;
				CLANG_WARN_NON_LITERAL_NULL_CONVERSION = YES;
				CLANG_WARN_OBJC_IMPLICIT_RETAIN_SELF = YES;
				CLANG_WARN_OBJC_LITERAL_CONVERSION = YES;
				CLANG_WARN_OBJC_ROOT_CLASS = YES_ERROR;
				CLANG_WARN_QUOTED_INCLUDE_IN_FRAMEWORK_HEADER = YES;
				CLANG_WARN_RANGE_LOOP_ANALYSIS = YES;
				CLANG_WARN_STRICT_PROTOTYPES = YES;
				CLANG_WARN_SUSPICIOUS_MOVE = YES;
				CLANG_WARN_UNGUARDED_AVAILABILITY = YES_AGGRESSIVE;
				CLANG_WARN_UNREACHABLE_CODE = YES;
				CLANG_WARN__DUPLICATE_METHOD_MATCH = YES;
				COPY_PHASE_STRIP = NO;
				DEBUG_INFORMATION_FORMAT = "dwarf-with-dsym";
				ENABLE_NS_ASSERTIONS = NO;
				ENABLE_STRICT_OBJC_MSGSEND = YES;
				GCC_C_LANGUAGE_STANDARD = gnu11;
				GCC_NO_COMMON_BLOCKS = YES;
				GCC_WARN_64_TO_32_BIT_CONVERSION = YES;
				GCC_WARN_ABOUT_RETURN_TYPE = YES_ERROR;
				GCC_WARN_UNDECLARED_SELECTOR = YES;
				GCC_WARN_UNINITIALIZED_AUTOS = YES_AGGRESSIVE;
				GCC_WARN_UNUSED_FUNCTION = YES;
				GCC_WARN_UNUSED_VARIABLE = YES;
				IPHONEOS_DEPLOYMENT_TARGET = 16.0;
				MTL_ENABLE_DEBUG_INFO = NO;
				MTL_FAST_MATH = YES;
				SDKROOT = iphoneos;
				SWIFT_COMPILATION_MODE = wholemodule;
				SWIFT_OPTIMIZATION_LEVEL = "-O";
				VALIDATE_PRODUCT = YES;
			};
			name = Release;
		};
		7E70D5BE2949D4AA005D5FF7 /* Debug */ = {
			isa = XCBuildConfiguration;
			buildSettings = {
				ASSETCATALOG_COMPILER_APPICON_NAME = AppIcon;
				ASSETCATALOG_COMPILER_GLOBAL_ACCENT_COLOR_NAME = AccentColor;
				CODE_SIGN_STYLE = Automatic;
				CURRENT_PROJECT_VERSION = 1;
				DEVELOPMENT_ASSET_PATHS = "\"tooltip/Preview Content\"";
				ENABLE_PREVIEWS = YES;
				GENERATE_INFOPLIST_FILE = YES;
				INFOPLIST_KEY_UIApplicationSceneManifest_Generation = YES;
				INFOPLIST_KEY_UIApplicationSupportsIndirectInputEvents = YES;
				INFOPLIST_KEY_UILaunchScreen_Generation = YES;
				INFOPLIST_KEY_UISupportedInterfaceOrientations_iPad = "UIInterfaceOrientationPortrait UIInterfaceOrientationPortraitUpsideDown UIInterfaceOrientationLandscapeLeft UIInterfaceOrientationLandscapeRight";
				INFOPLIST_KEY_UISupportedInterfaceOrientations_iPhone = "UIInterfaceOrientationPortrait UIInterfaceOrientationLandscapeLeft UIInterfaceOrientationLandscapeRight";
				LD_RUNPATH_SEARCH_PATHS = (
					"$(inherited)",
					"@executable_path/Frameworks",
				);
				MARKETING_VERSION = 1.0;
				PRODUCT_BUNDLE_IDENTIFIER = he.tooltip;
				PRODUCT_NAME = "$(TARGET_NAME)";
				SWIFT_EMIT_LOC_STRINGS = YES;
				SWIFT_VERSION = 5.0;
				TARGETED_DEVICE_FAMILY = "1,2";
			};
			name = Debug;
		};
		7E70D5BF2949D4AA005D5FF7 /* Release */ = {
			isa = XCBuildConfiguration;
			buildSettings = {
				ASSETCATALOG_COMPILER_APPICON_NAME = AppIcon;
				ASSETCATALOG_COMPILER_GLOBAL_ACCENT_COLOR_NAME = AccentColor;
				CODE_SIGN_STYLE = Automatic;
				CURRENT_PROJECT_VERSION = 1;
				DEVELOPMENT_ASSET_PATHS = "\"tooltip/Preview Content\"";
				ENABLE_PREVIEWS = YES;
				GENERATE_INFOPLIST_FILE = YES;
				INFOPLIST_KEY_UIApplicationSceneManifest_Generation = YES;
				INFOPLIST_KEY_UIApplicationSupportsIndirectInputEvents = YES;
				INFOPLIST_KEY_UILaunchScreen_Generation = YES;
				INFOPLIST_KEY_UISupportedInterfaceOrientations_iPad = "UIInterfaceOrientationPortrait UIInterfaceOrientationPortraitUpsideDown UIInterfaceOrientationLandscapeLeft UIInterfaceOrientationLandscapeRight";
				INFOPLIST_KEY_UISupportedInterfaceOrientations_iPhone = "UIInterfaceOrientationPortrait UIInterfaceOrientationLandscapeLeft UIInterfaceOrientationLandscapeRight";
				LD_RUNPATH_SEARCH_PATHS = (
					"$(inherited)",
					"@executable_path/Frameworks",
				);
				MARKETING_VERSION = 1.0;
				PRODUCT_BUNDLE_IDENTIFIER = he.tooltip;
				PRODUCT_NAME = "$(TARGET_NAME)";
				SWIFT_EMIT_LOC_STRINGS = YES;
				SWIFT_VERSION = 5.0;
				TARGETED_DEVICE_FAMILY = "1,2";
			};
			name = Release;
		};
		7E70D5C12949D4AA005D5FF7 /* Debug */ = {
			isa = XCBuildConfiguration;
			buildSettings = {
				ALWAYS_EMBED_SWIFT_STANDARD_LIBRARIES = YES;
				BUNDLE_LOADER = "$(TEST_HOST)";
				CODE_SIGN_STYLE = Automatic;
				CURRENT_PROJECT_VERSION = 1;
				GENERATE_INFOPLIST_FILE = YES;
				IPHONEOS_DEPLOYMENT_TARGET = 16.0;
				MARKETING_VERSION = 1.0;
				PRODUCT_BUNDLE_IDENTIFIER = he.tooltipTests;
				PRODUCT_NAME = "$(TARGET_NAME)";
				SWIFT_EMIT_LOC_STRINGS = NO;
				SWIFT_VERSION = 5.0;
				TARGETED_DEVICE_FAMILY = "1,2";
				TEST_HOST = "$(BUILT_PRODUCTS_DIR)/tooltip.app/$(BUNDLE_EXECUTABLE_FOLDER_PATH)/tooltip";
			};
			name = Debug;
		};
		7E70D5C22949D4AA005D5FF7 /* Release */ = {
			isa = XCBuildConfiguration;
			buildSettings = {
				ALWAYS_EMBED_SWIFT_STANDARD_LIBRARIES = YES;
				BUNDLE_LOADER = "$(TEST_HOST)";
				CODE_SIGN_STYLE = Automatic;
				CURRENT_PROJECT_VERSION = 1;
				GENERATE_INFOPLIST_FILE = YES;
				IPHONEOS_DEPLOYMENT_TARGET = 16.0;
				MARKETING_VERSION = 1.0;
				PRODUCT_BUNDLE_IDENTIFIER = he.tooltipTests;
				PRODUCT_NAME = "$(TARGET_NAME)";
				SWIFT_EMIT_LOC_STRINGS = NO;
				SWIFT_VERSION = 5.0;
				TARGETED_DEVICE_FAMILY = "1,2";
				TEST_HOST = "$(BUILT_PRODUCTS_DIR)/tooltip.app/$(BUNDLE_EXECUTABLE_FOLDER_PATH)/tooltip";
			};
			name = Release;
		};
		7E70D5C42949D4AA005D5FF7 /* Debug */ = {
			isa = XCBuildConfiguration;
			buildSettings = {
				ALWAYS_EMBED_SWIFT_STANDARD_LIBRARIES = YES;
				CODE_SIGN_STYLE = Automatic;
				CURRENT_PROJECT_VERSION = 1;
				GENERATE_INFOPLIST_FILE = YES;
				MARKETING_VERSION = 1.0;
				PRODUCT_BUNDLE_IDENTIFIER = he.tooltipUITests;
				PRODUCT_NAME = "$(TARGET_NAME)";
				SWIFT_EMIT_LOC_STRINGS = NO;
				SWIFT_VERSION = 5.0;
				TARGETED_DEVICE_FAMILY = "1,2";
				TEST_TARGET_NAME = tooltip;
			};
			name = Debug;
		};
		7E70D5C52949D4AA005D5FF7 /* Release */ = {
			isa = XCBuildConfiguration;
			buildSettings = {
				ALWAYS_EMBED_SWIFT_STANDARD_LIBRARIES = YES;
				CODE_SIGN_STYLE = Automatic;
				CURRENT_PROJECT_VERSION = 1;
				GENERATE_INFOPLIST_FILE = YES;
				MARKETING_VERSION = 1.0;
				PRODUCT_BUNDLE_IDENTIFIER = he.tooltipUITests;
				PRODUCT_NAME = "$(TARGET_NAME)";
				SWIFT_EMIT_LOC_STRINGS = NO;
				SWIFT_VERSION = 5.0;
				TARGETED_DEVICE_FAMILY = "1,2";
				TEST_TARGET_NAME = tooltip;
			};
			name = Release;
		};
/* End XCBuildConfiguration section */

/* Begin XCConfigurationList section */
		7E70D5942949D4A9005D5FF7 /* Build configuration list for PBXProject "tooltip" */ = {
			isa = XCConfigurationList;
			buildConfigurations = (
				7E70D5BB2949D4AA005D5FF7 /* Debug */,
				7E70D5BC2949D4AA005D5FF7 /* Release */,
			);
			defaultConfigurationIsVisible = 0;
			defaultConfigurationName = Release;
		};
		7E70D5BD2949D4AA005D5FF7 /* Build configuration list for PBXNativeTarget "tooltip" */ = {
			isa = XCConfigurationList;
			buildConfigurations = (
				7E70D5BE2949D4AA005D5FF7 /* Debug */,
				7E70D5BF2949D4AA005D5FF7 /* Release */,
			);
			defaultConfigurationIsVisible = 0;
			defaultConfigurationName = Release;
		};
		7E70D5C02949D4AA005D5FF7 /* Build configuration list for PBXNativeTarget "tooltipTests" */ = {
			isa = XCConfigurationList;
			buildConfigurations = (
				7E70D5C12949D4AA005D5FF7 /* Debug */,
				7E70D5C22949D4AA005D5FF7 /* Release */,
			);
			defaultConfigurationIsVisible = 0;
			defaultConfigurationName = Release;
		};
		7E70D5C32949D4AA005D5FF7 /* Build configuration list for PBXNativeTarget "tooltipUITests" */ = {
			isa = XCConfigurationList;
			buildConfigurations = (
				7E70D5C42949D4AA005D5FF7 /* Debug */,
				7E70D5C52949D4AA005D5FF7 /* Release */,
			);
			defaultConfigurationIsVisible = 0;
			defaultConfigurationName = Release;
		};
/* End XCConfigurationList section */
	};
	rootObject = 7E70D5912949D4A9005D5FF7 /* Project object */;
}
